<?xml version="1.0" encoding="utf-8"?>
<Project ToolsVersion="4.0" xmlns="http://schemas.microsoft.com/developer/msbuild/2003">
  <ItemGroup>
    <Filter Include="源文件">
      <UniqueIdentifier>{923b562f-2a43-4772-bec4-499d100f833c}</UniqueIdentifier>
    </Filter>
    <Filter Include="头文件">
      <UniqueIdentifier>{14453b78-68db-4dd6-acc1-d6790f460966}</UniqueIdentifier>
    </Filter>
  </ItemGroup>
  <ItemGroup>
    <ClCompile Include="main.cpp">
      <Filter>源文件</Filter>
    </ClCompile>
    <ClCompile Include="IO.cpp">
      <Filter>源文件</Filter>
    </ClCompile>
    <ClCompile Include="Model.cpp">
      <Filter>源文件</Filter>
    </ClCompile>
    <ClCompile Include="Util.cpp">
      <Filter>源文件</Filter>
    </ClCompile>
    <ClCompile Include="ARC.cpp">
      <Filter>源文件</Filter>
    </ClCompile>
    <ClCompile Include="Algorithm.cpp">
      <Filter>源文件</Filter>
    </ClCompile>
    <ClCompile Include="Stand.cpp">
      <Filter>源文件</Filter>
    </ClCompile>
    <ClCompile Include="Operation.cpp">
      <Filter>源文件</Filter>
    </ClCompile>
    <ClCompile Include="BetterSDRSset.cpp">
      <Filter>源文件</Filter>
    </ClCompile>
    <ClCompile Include="Activity.cpp">
      <Filter>源文件</Filter>
    </ClCompile>
    <ClCompile Include="Cluster.cpp">
      <Filter>源文件</Filter>
    </ClCompile>
    <ClCompile Include="Node.cpp">
      <Filter>源文件</Filter>
    </ClCompile>
  </ItemGroup>
  <ItemGroup>
    <ClInclude Include="IO.h">
      <Filter>头文件</Filter>
    </ClInclude>
    <ClInclude Include="Model.h">
      <Filter>头文件</Filter>
    </ClInclude>
    <ClInclude Include="Operation.h">
      <Filter>头文件</Filter>
    </ClInclude>
    <ClInclude Include="Util.h">
      <Filter>头文件</Filter>
    </ClInclude>
    <ClInclude Include="Fleet.h">
      <Filter>头文件</Filter>
    </ClInclude>
    <ClInclude Include="Node.h">
      <Filter>头文件</Filter>
    </ClInclude>
    <ClInclude Include="Activity.h">
      <Filter>头文件</Filter>
    </ClInclude>
    <ClInclude Include="ARC.h">
      <Filter>头文件</Filter>
    </ClInclude>
    <ClInclude Include="Algorithm.h">
      <Filter>头文件</Filter>
    </ClInclude>
    <ClInclude Include="ShadowRS.h">
      <Filter>头文件</Filter>
    </ClInclude>
    <ClInclude Include="Stand.h">
      <Filter>头文件</Filter>
    </ClInclude>
    <ClInclude Include="BetterSDRSset.h">
      <Filter>头文件</Filter>
    </ClInclude>
    <ClInclude Include="SDRSoprt.h">
      <Filter>头文件</Filter>
    </ClInclude>
    <ClInclude Include="Cluster.h">
      <Filter>头文件</Filter>
    </ClInclude>
  </ItemGroup>
</Project>